
Microsoft Visual Studio Solution File, Format Version 12.00
# Visual Studio 15
VisualStudioVersion = 15.0.26730.16
MinimumVisualStudioVersion = 10.0.40219.1
Project("{FAE04EC0-301F-11D3-BF4B-00C04F79EFBC}") = "app1", "app1\app1.csproj", "{929283F4-3EBF-409D-8021-C8389AEAF0A3}"
EndProject
Project("{FAE04EC0-301F-11D3-BF4B-00C04F79EFBC}") = "app2", "app2\app2.csproj", "{4ECFB69A-B324-4494-8AD2-E88C42E2434B}"
EndProject
Project("{FAE04EC0-301F-11D3-BF4B-00C04F79EFBC}") = "exo10", "exo10\exo10.csproj", "{EAA5F74A-EE1A-418E-971E-781CE224496B}"
EndProject
Project("{FAE04EC0-301F-11D3-BF4B-00C04F79EFBC}") = "app3", "app3\app3.csproj", "{99844DE4-893D-413A-9D8B-C35B0A79EB0D}"
EndProject
Global
	GlobalSection(SolutionConfigurationPlatforms) = preSolution
		Debug|Any CPU = Debug|Any CPU
		Release|Any CPU = Release|Any CPU
	EndGlobalSection
	GlobalSection(ProjectConfigurationPlatforms) = postSolution
		{929283F4-3EBF-409D-8021-C8389AEAF0A3}.Debug|Any CPU.ActiveCfg = Debug|Any CPU
		{929283F4-3EBF-409D-8021-C8389AEAF0A3}.Debug|Any CPU.Build.0 = Debug|Any CPU
		{929283F4-3EBF-409D-8021-C8389AEAF0A3}.Release|Any CPU.ActiveCfg = Release|Any CPU
		{929283F4-3EBF-409D-8021-C8389AEAF0A3}.Release|Any CPU.Build.0 = Release|Any CPU
		{4ECFB69A-B324-4494-8AD2-E88C42E2434B}.Debug|Any CPU.ActiveCfg = Debug|Any CPU
		{4ECFB69A-B324-4494-8AD2-E88C42E2434B}.Debug|Any CPU.Build.0 = Debug|Any CPU
		{4ECFB69A-B324-4494-8AD2-E88C42E2434B}.Release|Any CPU.ActiveCfg = Release|Any CPU
		{4ECFB69A-B324-4494-8AD2-E88C42E2434B}.Release|Any CPU.Build.0 = Release|Any CPU
		{EAA5F74A-EE1A-418E-971E-781CE224496B}.Debug|Any CPU.ActiveCfg = Debug|Any CPU
		{EAA5F74A-EE1A-418E-971E-781CE224496B}.Debug|Any CPU.Build.0 = Debug|Any CPU
		{EAA5F74A-EE1A-418E-971E-781CE224496B}.Release|Any CPU.ActiveCfg = Release|Any CPU
		{EAA5F74A-EE1A-418E-971E-781CE224496B}.Release|Any CPU.Build.0 = Release|Any CPU
		{99844DE4-893D-413A-9D8B-C35B0A79EB0D}.Debug|Any CPU.ActiveCfg = Debug|Any CPU
		{99844DE4-893D-413A-9D8B-C35B0A79EB0D}.Debug|Any CPU.Build.0 = Debug|Any CPU
		{99844DE4-893D-413A-9D8B-C35B0A79EB0D}.Release|Any CPU.ActiveCfg = Release|Any CPU
		{99844DE4-893D-413A-9D8B-C35B0A79EB0D}.Release|Any CPU.Build.0 = Release|Any CPU
	EndGlobalSection
	GlobalSection(SolutionProperties) = preSolution
		HideSolutionNode = FALSE
	EndGlobalSection
	GlobalSection(ExtensibilityGlobals) = postSolution
		SolutionGuid = {A6D3E42E-0E21-4416-BD46-0DD42D5B88A5}
	EndGlobalSection
EndGlobal
